
Microsoft Visual Studio Solution File, Format Version 12.00
# Visual Studio Version 16
VisualStudioVersion = 16.0.34407.143
MinimumVisualStudioVersion = 10.0.40219.1
Project("{FAE04EC0-301F-11D3-BF4B-00C04F79EFBC}") = "ProductBilling", "ProductBilling.csproj", "{9EBA7038-D953-4DC1-A4BC-E4F845522520}"
EndProject
Project("{FAE04EC0-301F-11D3-BF4B-00C04F79EFBC}") = "ProductBilling.Tests", "..\ProductBilling.Tests\ProductBilling.Tests.csproj", "{379AA958-7161-46BB-B402-7917F1E526D4}"
EndProject
Global
	GlobalSection(SolutionConfigurationPlatforms) = preSolution
		Debug|Any CPU = Debug|Any CPU
		Release|Any CPU = Release|Any CPU
	EndGlobalSection
	GlobalSection(ProjectConfigurationPlatforms) = postSolution
		{9EBA7038-D953-4DC1-A4BC-E4F845522520}.Debug|Any CPU.ActiveCfg = Debug|Any CPU
		{9EBA7038-D953-4DC1-A4BC-E4F845522520}.Debug|Any CPU.Build.0 = Debug|Any CPU
		{9EBA7038-D953-4DC1-A4BC-E4F845522520}.Release|Any CPU.ActiveCfg = Release|Any CPU
		{9EBA7038-D953-4DC1-A4BC-E4F845522520}.Release|Any CPU.Build.0 = Release|Any CPU
		{379AA958-7161-46BB-B402-7917F1E526D4}.Debug|Any CPU.ActiveCfg = Debug|Any CPU
		{379AA958-7161-46BB-B402-7917F1E526D4}.Debug|Any CPU.Build.0 = Debug|Any CPU
		{379AA958-7161-46BB-B402-7917F1E526D4}.Release|Any CPU.ActiveCfg = Release|Any CPU
		{379AA958-7161-46BB-B402-7917F1E526D4}.Release|Any CPU.Build.0 = Release|Any CPU
	EndGlobalSection
	GlobalSection(SolutionProperties) = preSolution
		HideSolutionNode = FALSE
	EndGlobalSection
	GlobalSection(ExtensibilityGlobals) = postSolution
		SolutionGuid = {3A599EA3-C395-4C20-82C2-666C2D00CCA5}
	EndGlobalSection
EndGlobal
